// !$*UTF8*$!
{
	archiveVersion = 1;
	classes = {
	};
	objectVersion = 46;
	objects = {

/* Begin PBXBuildFile section */
		181A15121BB2927400D2A53D /* LXSearchField.m in Sources */ = {isa = PBXBuildFile; fileRef = 181A15111BB2927400D2A53D /* LXSearchField.m */; settings = {ASSET_TAGS = (); }; };
		181A15141BB2929400D2A53D /* LXPlaceholderView.xib in Resources */ = {isa = PBXBuildFile; fileRef = 181A15131BB2929400D2A53D /* LXPlaceholderView.xib */; settings = {ASSET_TAGS = (); }; };
		181A15171BB2ADD500D2A53D /* LXPlaceholderView.m in Sources */ = {isa = PBXBuildFile; fileRef = 181A15161BB2ADD500D2A53D /* LXPlaceholderView.m */; settings = {ASSET_TAGS = (); }; };
		18706DFF1BB23BDA00F12441 /* AppDelegate.m in Sources */ = {isa = PBXBuildFile; fileRef = 18706DFA1BB23BDA00F12441 /* AppDelegate.m */; settings = {ASSET_TAGS = (); }; };
		18706E011BB23BDA00F12441 /* main.m in Sources */ = {isa = PBXBuildFile; fileRef = 18706DFC1BB23BDA00F12441 /* main.m */; settings = {ASSET_TAGS = (); }; };
		18706E021BB23BDA00F12441 /* Assets.xcassets in Resources */ = {isa = PBXBuildFile; fileRef = 18706DFE1BB23BDA00F12441 /* Assets.xcassets */; settings = {ASSET_TAGS = (); }; };
		18706E281BB245A200F12441 /* NSObject+DLIntrospection.m in Sources */ = {isa = PBXBuildFile; fileRef = 18706E111BB245A200F12441 /* NSObject+DLIntrospection.m */; settings = {ASSET_TAGS = (); }; };
		18706E291BB245A200F12441 /* LXUtilities.m in Sources */ = {isa = PBXBuildFile; fileRef = 18706E131BB245A200F12441 /* LXUtilities.m */; settings = {ASSET_TAGS = (); }; };
		18706E2A1BB245A200F12441 /* MBProgressHUD+LXExtension.m in Sources */ = {isa = PBXBuildFile; fileRef = 18706E161BB245A200F12441 /* MBProgressHUD+LXExtension.m */; settings = {ASSET_TAGS = (); }; };
		18706E2B1BB245A200F12441 /* MBProgressHUD.bundle in Resources */ = {isa = PBXBuildFile; fileRef = 18706E171BB245A200F12441 /* MBProgressHUD.bundle */; settings = {ASSET_TAGS = (); }; };
		18706E2C1BB245A200F12441 /* NSNotificationCenter+LXExtension.m in Sources */ = {isa = PBXBuildFile; fileRef = 18706E191BB245A200F12441 /* NSNotificationCenter+LXExtension.m */; settings = {ASSET_TAGS = (); }; };
		18706E2D1BB245A200F12441 /* NSObject+LXExtension.m in Sources */ = {isa = PBXBuildFile; fileRef = 18706E1B1BB245A200F12441 /* NSObject+LXExtension.m */; settings = {ASSET_TAGS = (); }; };
		18706E2E1BB245A200F12441 /* NSString+LXExtension.m in Sources */ = {isa = PBXBuildFile; fileRef = 18706E1D1BB245A200F12441 /* NSString+LXExtension.m */; settings = {ASSET_TAGS = (); }; };
		18706E2F1BB245A200F12441 /* UIButton+LXExtension.m in Sources */ = {isa = PBXBuildFile; fileRef = 18706E1F1BB245A200F12441 /* UIButton+LXExtension.m */; settings = {ASSET_TAGS = (); }; };
		18706E301BB245A200F12441 /* UIImage+LXExtension.m in Sources */ = {isa = PBXBuildFile; fileRef = 18706E211BB245A200F12441 /* UIImage+LXExtension.m */; settings = {ASSET_TAGS = (); }; };
		18706E311BB245A200F12441 /* UIStoryboard+LXExtension.m in Sources */ = {isa = PBXBuildFile; fileRef = 18706E231BB245A200F12441 /* UIStoryboard+LXExtension.m */; settings = {ASSET_TAGS = (); }; };
		18706E321BB245A200F12441 /* UITextField+LXExtension.m in Sources */ = {isa = PBXBuildFile; fileRef = 18706E251BB245A200F12441 /* UITextField+LXExtension.m */; settings = {ASSET_TAGS = (); }; };
		18706E331BB245A200F12441 /* UIView+LXExtension.m in Sources */ = {isa = PBXBuildFile; fileRef = 18706E271BB245A200F12441 /* UIView+LXExtension.m */; settings = {ASSET_TAGS = (); }; };
		18706E361BB245B800F12441 /* UIColor+LXExtension.m in Sources */ = {isa = PBXBuildFile; fileRef = 18706E351BB245B800F12441 /* UIColor+LXExtension.m */; settings = {ASSET_TAGS = (); }; };
		18706E3B1BB24B1100F12441 /* MBProgressHUD.m in Sources */ = {isa = PBXBuildFile; fileRef = 18706E3A1BB24B1100F12441 /* MBProgressHUD.m */; settings = {ASSET_TAGS = (); }; };
		18706E3E1BB27A7200F12441 /* LXDiscoverViewController.m in Sources */ = {isa = PBXBuildFile; fileRef = 18706E3D1BB27A7200F12441 /* LXDiscoverViewController.m */; settings = {ASSET_TAGS = (); }; };
		1889A0AE1BB394E500060A9A /* LXHomeViewController.m in Sources */ = {isa = PBXBuildFile; fileRef = 1889A0AD1BB394E500060A9A /* LXHomeViewController.m */; settings = {ASSET_TAGS = (); }; };
		1889A0B71BB3A4A100060A9A /* LXPopoverView.m in Sources */ = {isa = PBXBuildFile; fileRef = 1889A0B61BB3A4A100060A9A /* LXPopoverView.m */; settings = {ASSET_TAGS = (); }; };
		1889A0BD1BB3D82400060A9A /* Main.storyboard in Resources */ = {isa = PBXBuildFile; fileRef = 1889A0BC1BB3D82400060A9A /* Main.storyboard */; settings = {ASSET_TAGS = (); }; };
		1889A0C11BB3D85000060A9A /* LXTabBar.m in Sources */ = {isa = PBXBuildFile; fileRef = 1889A0C01BB3D85000060A9A /* LXTabBar.m */; settings = {ASSET_TAGS = (); }; };
		1889A0CA1BB4096C00060A9A /* LXTabBarController.m in Sources */ = {isa = PBXBuildFile; fileRef = 1889A0C91BB4096C00060A9A /* LXTabBarController.m */; settings = {ASSET_TAGS = (); }; };
		1889A0CD1BB40DE100060A9A /* LXTitleButton.m in Sources */ = {isa = PBXBuildFile; fileRef = 1889A0CC1BB40DE100060A9A /* LXTitleButton.m */; settings = {ASSET_TAGS = (); }; };
		18E6273C1BB67BCC00BA2E9D /* LXImagePicker.m in Sources */ = {isa = PBXBuildFile; fileRef = 18E6273B1BB67BCC00BA2E9D /* LXImagePicker.m */; settings = {ASSET_TAGS = (); }; };
		18EBB41D1BB5457C00CD4BA4 /* LXMulticastDelegate.m in Sources */ = {isa = PBXBuildFile; fileRef = 18EBB41C1BB5457C00CD4BA4 /* LXMulticastDelegate.m */; settings = {ASSET_TAGS = (); }; };
/* End PBXBuildFile section */

/* Begin PBXFileReference section */
		181A15101BB2927400D2A53D /* LXSearchField.h */ = {isa = PBXFileReference; fileEncoding = 4; lastKnownFileType = sourcecode.c.h; path = LXSearchField.h; sourceTree = "<group>"; };
		181A15111BB2927400D2A53D /* LXSearchField.m */ = {isa = PBXFileReference; fileEncoding = 4; lastKnownFileType = sourcecode.c.objc; path = LXSearchField.m; sourceTree = "<group>"; };
		181A15131BB2929400D2A53D /* LXPlaceholderView.xib */ = {isa = PBXFileReference; fileEncoding = 4; lastKnownFileType = file.xib; path = LXPlaceholderView.xib; sourceTree = "<group>"; };
		181A15151BB2ADD500D2A53D /* LXPlaceholderView.h */ = {isa = PBXFileReference; fileEncoding = 4; lastKnownFileType = sourcecode.c.h; path = LXPlaceholderView.h; sourceTree = "<group>"; };
		181A15161BB2ADD500D2A53D /* LXPlaceholderView.m */ = {isa = PBXFileReference; fileEncoding = 4; lastKnownFileType = sourcecode.c.objc; path = LXPlaceholderView.m; sourceTree = "<group>"; };
		18706DC61BB23AE800F12441 /* LXWeibo.app */ = {isa = PBXFileReference; explicitFileType = wrapper.application; includeInIndex = 0; path = LXWeibo.app; sourceTree = BUILT_PRODUCTS_DIR; };
		18706DF91BB23BDA00F12441 /* AppDelegate.h */ = {isa = PBXFileReference; fileEncoding = 4; lastKnownFileType = sourcecode.c.h; path = AppDelegate.h; sourceTree = "<group>"; };
		18706DFA1BB23BDA00F12441 /* AppDelegate.m */ = {isa = PBXFileReference; fileEncoding = 4; lastKnownFileType = sourcecode.c.objc; path = AppDelegate.m; sourceTree = "<group>"; };
		18706DFB1BB23BDA00F12441 /* Info.plist */ = {isa = PBXFileReference; fileEncoding = 4; lastKnownFileType = text.plist.xml; path = Info.plist; sourceTree = "<group>"; };
		18706DFC1BB23BDA00F12441 /* main.m */ = {isa = PBXFileReference; fileEncoding = 4; lastKnownFileType = sourcecode.c.objc; path = main.m; sourceTree = "<group>"; };
		18706DFE1BB23BDA00F12441 /* Assets.xcassets */ = {isa = PBXFileReference; lastKnownFileType = folder.assetcatalog; path = Assets.xcassets; sourceTree = "<group>"; };
		18706E101BB245A200F12441 /* NSObject+DLIntrospection.h */ = {isa = PBXFileReference; fileEncoding = 4; lastKnownFileType = sourcecode.c.h; path = "NSObject+DLIntrospection.h"; sourceTree = "<group>"; };
		18706E111BB245A200F12441 /* NSObject+DLIntrospection.m */ = {isa = PBXFileReference; fileEncoding = 4; lastKnownFileType = sourcecode.c.objc; path = "NSObject+DLIntrospection.m"; sourceTree = "<group>"; };
		18706E121BB245A200F12441 /* LXUtilities.h */ = {isa = PBXFileReference; fileEncoding = 4; lastKnownFileType = sourcecode.c.h; path = LXUtilities.h; sourceTree = "<group>"; };
		18706E131BB245A200F12441 /* LXUtilities.m */ = {isa = PBXFileReference; fileEncoding = 4; lastKnownFileType = sourcecode.c.objc; path = LXUtilities.m; sourceTree = "<group>"; };
		18706E151BB245A200F12441 /* MBProgressHUD+LXExtension.h */ = {isa = PBXFileReference; fileEncoding = 4; lastKnownFileType = sourcecode.c.h; path = "MBProgressHUD+LXExtension.h"; sourceTree = "<group>"; };
		18706E161BB245A200F12441 /* MBProgressHUD+LXExtension.m */ = {isa = PBXFileReference; fileEncoding = 4; lastKnownFileType = sourcecode.c.objc; path = "MBProgressHUD+LXExtension.m"; sourceTree = "<group>"; };
		18706E171BB245A200F12441 /* MBProgressHUD.bundle */ = {isa = PBXFileReference; lastKnownFileType = "wrapper.plug-in"; path = MBProgressHUD.bundle; sourceTree = "<group>"; };
		18706E181BB245A200F12441 /* NSNotificationCenter+LXExtension.h */ = {isa = PBXFileReference; fileEncoding = 4; lastKnownFileType = sourcecode.c.h; path = "NSNotificationCenter+LXExtension.h"; sourceTree = "<group>"; };
		18706E191BB245A200F12441 /* NSNotificationCenter+LXExtension.m */ = {isa = PBXFileReference; fileEncoding = 4; lastKnownFileType = sourcecode.c.objc; path = "NSNotificationCenter+LXExtension.m"; sourceTree = "<group>"; };
		18706E1A1BB245A200F12441 /* NSObject+LXExtension.h */ = {isa = PBXFileReference; fileEncoding = 4; lastKnownFileType = sourcecode.c.h; path = "NSObject+LXExtension.h"; sourceTree = "<group>"; };
		18706E1B1BB245A200F12441 /* NSObject+LXExtension.m */ = {isa = PBXFileReference; fileEncoding = 4; lastKnownFileType = sourcecode.c.objc; path = "NSObject+LXExtension.m"; sourceTree = "<group>"; };
		18706E1C1BB245A200F12441 /* NSString+LXExtension.h */ = {isa = PBXFileReference; fileEncoding = 4; lastKnownFileType = sourcecode.c.h; path = "NSString+LXExtension.h"; sourceTree = "<group>"; };
		18706E1D1BB245A200F12441 /* NSString+LXExtension.m */ = {isa = PBXFileReference; fileEncoding = 4; lastKnownFileType = sourcecode.c.objc; path = "NSString+LXExtension.m"; sourceTree = "<group>"; };
		18706E1E1BB245A200F12441 /* UIButton+LXExtension.h */ = {isa = PBXFileReference; fileEncoding = 4; lastKnownFileType = sourcecode.c.h; path = "UIButton+LXExtension.h"; sourceTree = "<group>"; };
		18706E1F1BB245A200F12441 /* UIButton+LXExtension.m */ = {isa = PBXFileReference; fileEncoding = 4; lastKnownFileType = sourcecode.c.objc; path = "UIButton+LXExtension.m"; sourceTree = "<group>"; };
		18706E201BB245A200F12441 /* UIImage+LXExtension.h */ = {isa = PBXFileReference; fileEncoding = 4; lastKnownFileType = sourcecode.c.h; path = "UIImage+LXExtension.h"; sourceTree = "<group>"; };
		18706E211BB245A200F12441 /* UIImage+LXExtension.m */ = {isa = PBXFileReference; fileEncoding = 4; lastKnownFileType = sourcecode.c.objc; path = "UIImage+LXExtension.m"; sourceTree = "<group>"; };
		18706E221BB245A200F12441 /* UIStoryboard+LXExtension.h */ = {isa = PBXFileReference; fileEncoding = 4; lastKnownFileType = sourcecode.c.h; path = "UIStoryboard+LXExtension.h"; sourceTree = "<group>"; };
		18706E231BB245A200F12441 /* UIStoryboard+LXExtension.m */ = {isa = PBXFileReference; fileEncoding = 4; lastKnownFileType = sourcecode.c.objc; path = "UIStoryboard+LXExtension.m"; sourceTree = "<group>"; };
		18706E241BB245A200F12441 /* UITextField+LXExtension.h */ = {isa = PBXFileReference; fileEncoding = 4; lastKnownFileType = sourcecode.c.h; path = "UITextField+LXExtension.h"; sourceTree = "<group>"; };
		18706E251BB245A200F12441 /* UITextField+LXExtension.m */ = {isa = PBXFileReference; fileEncoding = 4; lastKnownFileType = sourcecode.c.objc; path = "UITextField+LXExtension.m"; sourceTree = "<group>"; };
		18706E261BB245A200F12441 /* UIView+LXExtension.h */ = {isa = PBXFileReference; fileEncoding = 4; lastKnownFileType = sourcecode.c.h; path = "UIView+LXExtension.h"; sourceTree = "<group>"; };
		18706E271BB245A200F12441 /* UIView+LXExtension.m */ = {isa = PBXFileReference; fileEncoding = 4; lastKnownFileType = sourcecode.c.objc; path = "UIView+LXExtension.m"; sourceTree = "<group>"; };
		18706E341BB245B800F12441 /* UIColor+LXExtension.h */ = {isa = PBXFileReference; fileEncoding = 4; lastKnownFileType = sourcecode.c.h; path = "UIColor+LXExtension.h"; sourceTree = "<group>"; };
		18706E351BB245B800F12441 /* UIColor+LXExtension.m */ = {isa = PBXFileReference; fileEncoding = 4; lastKnownFileType = sourcecode.c.objc; path = "UIColor+LXExtension.m"; sourceTree = "<group>"; };
		18706E391BB24B1100F12441 /* MBProgressHUD.h */ = {isa = PBXFileReference; fileEncoding = 4; lastKnownFileType = sourcecode.c.h; path = MBProgressHUD.h; sourceTree = "<group>"; };
		18706E3A1BB24B1100F12441 /* MBProgressHUD.m */ = {isa = PBXFileReference; fileEncoding = 4; lastKnownFileType = sourcecode.c.objc; path = MBProgressHUD.m; sourceTree = "<group>"; };
		18706E3C1BB27A7200F12441 /* LXDiscoverViewController.h */ = {isa = PBXFileReference; fileEncoding = 4; lastKnownFileType = sourcecode.c.h; path = LXDiscoverViewController.h; sourceTree = "<group>"; };
		18706E3D1BB27A7200F12441 /* LXDiscoverViewController.m */ = {isa = PBXFileReference; fileEncoding = 4; lastKnownFileType = sourcecode.c.objc; path = LXDiscoverViewController.m; sourceTree = "<group>"; };
		1889A0AC1BB394E500060A9A /* LXHomeViewController.h */ = {isa = PBXFileReference; fileEncoding = 4; lastKnownFileType = sourcecode.c.h; path = LXHomeViewController.h; sourceTree = "<group>"; };
		1889A0AD1BB394E500060A9A /* LXHomeViewController.m */ = {isa = PBXFileReference; fileEncoding = 4; lastKnownFileType = sourcecode.c.objc; path = LXHomeViewController.m; sourceTree = "<group>"; };
		1889A0B51BB3A4A100060A9A /* LXPopoverView.h */ = {isa = PBXFileReference; fileEncoding = 4; lastKnownFileType = sourcecode.c.h; name = LXPopoverView.h; path = LXWeibo/Main/Home/View/LXPopoverView.h; sourceTree = SOURCE_ROOT; };
		1889A0B61BB3A4A100060A9A /* LXPopoverView.m */ = {isa = PBXFileReference; fileEncoding = 4; lastKnownFileType = sourcecode.c.objc; name = LXPopoverView.m; path = LXWeibo/Main/Home/View/LXPopoverView.m; sourceTree = SOURCE_ROOT; };
		1889A0BC1BB3D82400060A9A /* Main.storyboard */ = {isa = PBXFileReference; fileEncoding = 4; lastKnownFileType = file.storyboard; path = Main.storyboard; sourceTree = "<group>"; };
		1889A0BF1BB3D85000060A9A /* LXTabBar.h */ = {isa = PBXFileReference; fileEncoding = 4; lastKnownFileType = sourcecode.c.h; path = LXTabBar.h; sourceTree = "<group>"; };
		1889A0C01BB3D85000060A9A /* LXTabBar.m */ = {isa = PBXFileReference; fileEncoding = 4; lastKnownFileType = sourcecode.c.objc; path = LXTabBar.m; sourceTree = "<group>"; };
		1889A0C81BB4096C00060A9A /* LXTabBarController.h */ = {isa = PBXFileReference; fileEncoding = 4; lastKnownFileType = sourcecode.c.h; path = LXTabBarController.h; sourceTree = "<group>"; };
		1889A0C91BB4096C00060A9A /* LXTabBarController.m */ = {isa = PBXFileReference; fileEncoding = 4; lastKnownFileType = sourcecode.c.objc; path = LXTabBarController.m; sourceTree = "<group>"; };
		1889A0CB1BB40DE100060A9A /* LXTitleButton.h */ = {isa = PBXFileReference; fileEncoding = 4; lastKnownFileType = sourcecode.c.h; name = LXTitleButton.h; path = LXWeibo/Main/Home/View/LXTitleButton.h; sourceTree = SOURCE_ROOT; };
		1889A0CC1BB40DE100060A9A /* LXTitleButton.m */ = {isa = PBXFileReference; fileEncoding = 4; lastKnownFileType = sourcecode.c.objc; name = LXTitleButton.m; path = LXWeibo/Main/Home/View/LXTitleButton.m; sourceTree = SOURCE_ROOT; };
		18E6273A1BB67BCC00BA2E9D /* LXImagePicker.h */ = {isa = PBXFileReference; fileEncoding = 4; lastKnownFileType = sourcecode.c.h; path = LXImagePicker.h; sourceTree = "<group>"; };
		18E6273B1BB67BCC00BA2E9D /* LXImagePicker.m */ = {isa = PBXFileReference; fileEncoding = 4; lastKnownFileType = sourcecode.c.objc; path = LXImagePicker.m; sourceTree = "<group>"; };
		18EBB41B1BB5457C00CD4BA4 /* LXMulticastDelegate.h */ = {isa = PBXFileReference; fileEncoding = 4; lastKnownFileType = sourcecode.c.h; path = LXMulticastDelegate.h; sourceTree = "<group>"; };
		18EBB41C1BB5457C00CD4BA4 /* LXMulticastDelegate.m */ = {isa = PBXFileReference; fileEncoding = 4; lastKnownFileType = sourcecode.c.objc; path = LXMulticastDelegate.m; sourceTree = "<group>"; };
/* End PBXFileReference section */

/* Begin PBXFrameworksBuildPhase section */
		18706DC31BB23AE800F12441 /* Frameworks */ = {
			isa = PBXFrameworksBuildPhase;
			buildActionMask = 2147483647;
			files = (
			);
			runOnlyForDeploymentPostprocessing = 0;
		};
/* End PBXFrameworksBuildPhase section */

/* Begin PBXGroup section */
		181A15181BB2C2F900D2A53D /* SearchField */ = {
			isa = PBXGroup;
			children = (
				181A15101BB2927400D2A53D /* LXSearchField.h */,
				181A15111BB2927400D2A53D /* LXSearchField.m */,
				181A15151BB2ADD500D2A53D /* LXPlaceholderView.h */,
				181A15161BB2ADD500D2A53D /* LXPlaceholderView.m */,
				181A15131BB2929400D2A53D /* LXPlaceholderView.xib */,
			);
			name = SearchField;
			sourceTree = "<group>";
		};
		18706DBD1BB23AE800F12441 = {
			isa = PBXGroup;
			children = (
				18706DC81BB23AE800F12441 /* LXWeibo */,
				18706DC71BB23AE800F12441 /* Products */,
			);
			sourceTree = "<group>";
		};
		18706DC71BB23AE800F12441 /* Products */ = {
			isa = PBXGroup;
			children = (
				18706DC61BB23AE800F12441 /* LXWeibo.app */,
			);
			name = Products;
			sourceTree = "<group>";
		};
		18706DC81BB23AE800F12441 /* LXWeibo */ = {
			isa = PBXGroup;
			children = (
				18706E371BB24B1100F12441 /* Lib */,
				18706E0E1BB245A200F12441 /* LXExtension  */,
				18706DE31BB23BDA00F12441 /* Main */,
				18706DF81BB23BDA00F12441 /* Other */,
				18706DFD1BB23BDA00F12441 /* Resource */,
			);
			path = LXWeibo;
			sourceTree = "<group>";
		};
		18706DE31BB23BDA00F12441 /* Main */ = {
			isa = PBXGroup;
			children = (
				18706E091BB23C9400F12441 /* Common */,
				1889A0A71BB393C700060A9A /* Home */,
				18706DE41BB23BDA00F12441 /* Discover */,
				18706DEE1BB23BDA00F12441 /* Message */,
				18706DF31BB23BDA00F12441 /* Profile */,
			);
			path = Main;
			sourceTree = "<group>";
		};
		18706DE41BB23BDA00F12441 /* Discover */ = {
			isa = PBXGroup;
			children = (
				18706DE51BB23BDA00F12441 /* Behavior */,
				18706DE61BB23BDA00F12441 /* Controller */,
				18706DE71BB23BDA00F12441 /* Model */,
				18706DE81BB23BDA00F12441 /* View */,
			);
			path = Discover;
			sourceTree = "<group>";
		};
		18706DE51BB23BDA00F12441 /* Behavior */ = {
			isa = PBXGroup;
			children = (
			);
			path = Behavior;
			sourceTree = "<group>";
		};
		18706DE61BB23BDA00F12441 /* Controller */ = {
			isa = PBXGroup;
			children = (
				18706E3C1BB27A7200F12441 /* LXDiscoverViewController.h */,
				18706E3D1BB27A7200F12441 /* LXDiscoverViewController.m */,
			);
			path = Controller;
			sourceTree = "<group>";
		};
		18706DE71BB23BDA00F12441 /* Model */ = {
			isa = PBXGroup;
			children = (
			);
			path = Model;
			sourceTree = "<group>";
		};
		18706DE81BB23BDA00F12441 /* View */ = {
			isa = PBXGroup;
			children = (
				181A15181BB2C2F900D2A53D /* SearchField */,
			);
			path = View;
			sourceTree = "<group>";
		};
		18706DEE1BB23BDA00F12441 /* Message */ = {
			isa = PBXGroup;
			children = (
				18706DEF1BB23BDA00F12441 /* Behavior */,
				18706DF01BB23BDA00F12441 /* Controller */,
				18706DF11BB23BDA00F12441 /* Model */,
				18706DF21BB23BDA00F12441 /* View */,
			);
			path = Message;
			sourceTree = "<group>";
		};
		18706DEF1BB23BDA00F12441 /* Behavior */ = {
			isa = PBXGroup;
			children = (
			);
			path = Behavior;
			sourceTree = "<group>";
		};
		18706DF01BB23BDA00F12441 /* Controller */ = {
			isa = PBXGroup;
			children = (
			);
			path = Controller;
			sourceTree = "<group>";
		};
		18706DF11BB23BDA00F12441 /* Model */ = {
			isa = PBXGroup;
			children = (
			);
			path = Model;
			sourceTree = "<group>";
		};
		18706DF21BB23BDA00F12441 /* View */ = {
			isa = PBXGroup;
			children = (
			);
			path = View;
			sourceTree = "<group>";
		};
		18706DF31BB23BDA00F12441 /* Profile */ = {
			isa = PBXGroup;
			children = (
				18706DF41BB23BDA00F12441 /* Behavior */,
				18706DF51BB23BDA00F12441 /* Controller */,
				18706DF61BB23BDA00F12441 /* Model */,
				18706DF71BB23BDA00F12441 /* View */,
			);
			path = Profile;
			sourceTree = "<group>";
		};
		18706DF41BB23BDA00F12441 /* Behavior */ = {
			isa = PBXGroup;
			children = (
			);
			path = Behavior;
			sourceTree = "<group>";
		};
		18706DF51BB23BDA00F12441 /* Controller */ = {
			isa = PBXGroup;
			children = (
			);
			path = Controller;
			sourceTree = "<group>";
		};
		18706DF61BB23BDA00F12441 /* Model */ = {
			isa = PBXGroup;
			children = (
			);
			path = Model;
			sourceTree = "<group>";
		};
		18706DF71BB23BDA00F12441 /* View */ = {
			isa = PBXGroup;
			children = (
			);
			path = View;
			sourceTree = "<group>";
		};
		18706DF81BB23BDA00F12441 /* Other */ = {
			isa = PBXGroup;
			children = (
				18706DF91BB23BDA00F12441 /* AppDelegate.h */,
				18706DFA1BB23BDA00F12441 /* AppDelegate.m */,
				18706DFB1BB23BDA00F12441 /* Info.plist */,
				18706DFC1BB23BDA00F12441 /* main.m */,
			);
			path = Other;
			sourceTree = "<group>";
		};
		18706DFD1BB23BDA00F12441 /* Resource */ = {
			isa = PBXGroup;
			children = (
				18706DFE1BB23BDA00F12441 /* Assets.xcassets */,
			);
			path = Resource;
			sourceTree = "<group>";
		};
		18706E091BB23C9400F12441 /* Common */ = {
			isa = PBXGroup;
			children = (
				1889A0BB1BB3D82400060A9A /* Storyboard */,
				1889A0C41BB4020700060A9A /* Controller */,
				1889A0BE1BB3D83000060A9A /* View */,
			);
			path = Common;
			sourceTree = "<group>";
		};
		18706E0E1BB245A200F12441 /* LXExtension  */ = {
			isa = PBXGroup;
			children = (
				18706E0F1BB245A200F12441 /* DLIntrospection */,
				18706E121BB245A200F12441 /* LXUtilities.h */,
				18706E131BB245A200F12441 /* LXUtilities.m */,
				18706E141BB245A200F12441 /* MBProgressHUD+LXExtension */,
				18706E181BB245A200F12441 /* NSNotificationCenter+LXExtension.h */,
				18706E191BB245A200F12441 /* NSNotificationCenter+LXExtension.m */,
				18706E1A1BB245A200F12441 /* NSObject+LXExtension.h */,
				18706E1B1BB245A200F12441 /* NSObject+LXExtension.m */,
				18706E1C1BB245A200F12441 /* NSString+LXExtension.h */,
				18706E1D1BB245A200F12441 /* NSString+LXExtension.m */,
				18706E1E1BB245A200F12441 /* UIButton+LXExtension.h */,
				18706E1F1BB245A200F12441 /* UIButton+LXExtension.m */,
				18706E201BB245A200F12441 /* UIImage+LXExtension.h */,
				18706E211BB245A200F12441 /* UIImage+LXExtension.m */,
				18706E221BB245A200F12441 /* UIStoryboard+LXExtension.h */,
				18706E231BB245A200F12441 /* UIStoryboard+LXExtension.m */,
				18706E241BB245A200F12441 /* UITextField+LXExtension.h */,
				18706E251BB245A200F12441 /* UITextField+LXExtension.m */,
				18706E261BB245A200F12441 /* UIView+LXExtension.h */,
				18706E271BB245A200F12441 /* UIView+LXExtension.m */,
				18706E341BB245B800F12441 /* UIColor+LXExtension.h */,
				18706E351BB245B800F12441 /* UIColor+LXExtension.m */,
				18EBB41B1BB5457C00CD4BA4 /* LXMulticastDelegate.h */,
				18EBB41C1BB5457C00CD4BA4 /* LXMulticastDelegate.m */,
				18E6273A1BB67BCC00BA2E9D /* LXImagePicker.h */,
				18E6273B1BB67BCC00BA2E9D /* LXImagePicker.m */,
			);
			path = "LXExtension ";
			sourceTree = "<group>";
		};
		18706E0F1BB245A200F12441 /* DLIntrospection */ = {
			isa = PBXGroup;
			children = (
				18706E101BB245A200F12441 /* NSObject+DLIntrospection.h */,
				18706E111BB245A200F12441 /* NSObject+DLIntrospection.m */,
			);
			path = DLIntrospection;
			sourceTree = "<group>";
		};
		18706E141BB245A200F12441 /* MBProgressHUD+LXExtension */ = {
			isa = PBXGroup;
			children = (
				18706E151BB245A200F12441 /* MBProgressHUD+LXExtension.h */,
				18706E161BB245A200F12441 /* MBProgressHUD+LXExtension.m */,
				18706E171BB245A200F12441 /* MBProgressHUD.bundle */,
			);
			path = "MBProgressHUD+LXExtension";
			sourceTree = "<group>";
		};
		18706E371BB24B1100F12441 /* Lib */ = {
			isa = PBXGroup;
			children = (
				18706E381BB24B1100F12441 /* MBProgressHUD */,
			);
			path = Lib;
			sourceTree = "<group>";
		};
		18706E381BB24B1100F12441 /* MBProgressHUD */ = {
			isa = PBXGroup;
			children = (
				18706E391BB24B1100F12441 /* MBProgressHUD.h */,
				18706E3A1BB24B1100F12441 /* MBProgressHUD.m */,
			);
			path = MBProgressHUD;
			sourceTree = "<group>";
		};
		1889A0A71BB393C700060A9A /* Home */ = {
			isa = PBXGroup;
			children = (
				1889A0AF1BB3A04100060A9A /* View */,
				1889A0A81BB393C700060A9A /* Controller */,
			);
			path = Home;
			sourceTree = "<group>";
		};
		1889A0A81BB393C700060A9A /* Controller */ = {
			isa = PBXGroup;
			children = (
				1889A0AC1BB394E500060A9A /* LXHomeViewController.h */,
				1889A0AD1BB394E500060A9A /* LXHomeViewController.m */,
			);
			path = Controller;
			sourceTree = "<group>";
		};
		1889A0AF1BB3A04100060A9A /* View */ = {
			isa = PBXGroup;
			children = (
				1889A0BA1BB3D08800060A9A /* PopoverView */,
				1889A0CE1BB40E0B00060A9A /* TitleButton */,
			);
			name = View;
			path = Controller/View;
			sourceTree = "<group>";
		};
		1889A0BA1BB3D08800060A9A /* PopoverView */ = {
			isa = PBXGroup;
			children = (
				1889A0B51BB3A4A100060A9A /* LXPopoverView.h */,
				1889A0B61BB3A4A100060A9A /* LXPopoverView.m */,
			);
			name = PopoverView;
			sourceTree = "<group>";
		};
		1889A0BB1BB3D82400060A9A /* Storyboard */ = {
			isa = PBXGroup;
			children = (
				1889A0BC1BB3D82400060A9A /* Main.storyboard */,
			);
			path = Storyboard;
			sourceTree = "<group>";
		};
		1889A0BE1BB3D83000060A9A /* View */ = {
			isa = PBXGroup;
			children = (
				1889A0BF1BB3D85000060A9A /* LXTabBar.h */,
				1889A0C01BB3D85000060A9A /* LXTabBar.m */,
			);
			path = View;
			sourceTree = "<group>";
		};
		1889A0C41BB4020700060A9A /* Controller */ = {
			isa = PBXGroup;
			children = (
				1889A0C81BB4096C00060A9A /* LXTabBarController.h */,
				1889A0C91BB4096C00060A9A /* LXTabBarController.m */,
			);
			path = Controller;
			sourceTree = "<group>";
		};
		1889A0CE1BB40E0B00060A9A /* TitleButton */ = {
			isa = PBXGroup;
			children = (
				1889A0CB1BB40DE100060A9A /* LXTitleButton.h */,
				1889A0CC1BB40DE100060A9A /* LXTitleButton.m */,
			);
			name = TitleButton;
			sourceTree = "<group>";
		};
/* End PBXGroup section */

/* Begin PBXNativeTarget section */
		18706DC51BB23AE800F12441 /* LXWeibo */ = {
			isa = PBXNativeTarget;
			buildConfigurationList = 18706DE01BB23AE800F12441 /* Build configuration list for PBXNativeTarget "LXWeibo" */;
			buildPhases = (
				18706DC21BB23AE800F12441 /* Sources */,
				18706DC31BB23AE800F12441 /* Frameworks */,
				18706DC41BB23AE800F12441 /* Resources */,
			);
			buildRules = (
			);
			dependencies = (
			);
			name = LXWeibo;
			productName = LXWeibo;
			productReference = 18706DC61BB23AE800F12441 /* LXWeibo.app */;
			productType = "com.apple.product-type.application";
		};
/* End PBXNativeTarget section */

/* Begin PBXProject section */
		18706DBE1BB23AE800F12441 /* Project object */ = {
			isa = PBXProject;
			attributes = {
				CLASSPREFIX = LX;
				LastUpgradeCheck = 0700;
				ORGANIZATIONNAME = "从今以后";
				TargetAttributes = {
					18706DC51BB23AE800F12441 = {
						CreatedOnToolsVersion = 7.0;
						DevelopmentTeam = 39XM8MX49W;
					};
				};
			};
			buildConfigurationList = 18706DC11BB23AE800F12441 /* Build configuration list for PBXProject "LXWeibo" */;
			compatibilityVersion = "Xcode 3.2";
			developmentRegion = English;
			hasScannedForEncodings = 0;
			knownRegions = (
				en,
				Base,
			);
			mainGroup = 18706DBD1BB23AE800F12441;
			productRefGroup = 18706DC71BB23AE800F12441 /* Products */;
			projectDirPath = "";
			projectRoot = "";
			targets = (
				18706DC51BB23AE800F12441 /* LXWeibo */,
			);
		};
/* End PBXProject section */

/* Begin PBXResourcesBuildPhase section */
		18706DC41BB23AE800F12441 /* Resources */ = {
			isa = PBXResourcesBuildPhase;
			buildActionMask = 2147483647;
			files = (
				18706E021BB23BDA00F12441 /* Assets.xcassets in Resources */,
				1889A0BD1BB3D82400060A9A /* Main.storyboard in Resources */,
				181A15141BB2929400D2A53D /* LXPlaceholderView.xib in Resources */,
				18706E2B1BB245A200F12441 /* MBProgressHUD.bundle in Resources */,
			);
			runOnlyForDeploymentPostprocessing = 0;
		};
/* End PBXResourcesBuildPhase section */

/* Begin PBXSourcesBuildPhase section */
		18706DC21BB23AE800F12441 /* Sources */ = {
			isa = PBXSourcesBuildPhase;
			buildActionMask = 2147483647;
			files = (
				18706E291BB245A200F12441 /* LXUtilities.m in Sources */,
				18706E361BB245B800F12441 /* UIColor+LXExtension.m in Sources */,
				18706E2A1BB245A200F12441 /* MBProgressHUD+LXExtension.m in Sources */,
				18706E281BB245A200F12441 /* NSObject+DLIntrospection.m in Sources */,
				18706E2D1BB245A200F12441 /* NSObject+LXExtension.m in Sources */,
				18706E011BB23BDA00F12441 /* main.m in Sources */,
				1889A0CD1BB40DE100060A9A /* LXTitleButton.m in Sources */,
				18706E2E1BB245A200F12441 /* NSString+LXExtension.m in Sources */,
				1889A0C11BB3D85000060A9A /* LXTabBar.m in Sources */,
				18706E3E1BB27A7200F12441 /* LXDiscoverViewController.m in Sources */,
				18706E3B1BB24B1100F12441 /* MBProgressHUD.m in Sources */,
				1889A0AE1BB394E500060A9A /* LXHomeViewController.m in Sources */,
				18706E2C1BB245A200F12441 /* NSNotificationCenter+LXExtension.m in Sources */,
				18EBB41D1BB5457C00CD4BA4 /* LXMulticastDelegate.m in Sources */,
				18706E331BB245A200F12441 /* UIView+LXExtension.m in Sources */,
				1889A0CA1BB4096C00060A9A /* LXTabBarController.m in Sources */,
				18706E321BB245A200F12441 /* UITextField+LXExtension.m in Sources */,
				18706E311BB245A200F12441 /* UIStoryboard+LXExtension.m in Sources */,
				1889A0B71BB3A4A100060A9A /* LXPopoverView.m in Sources */,
				18706E301BB245A200F12441 /* UIImage+LXExtension.m in Sources */,
				18706DFF1BB23BDA00F12441 /* AppDelegate.m in Sources */,
				18E6273C1BB67BCC00BA2E9D /* LXImagePicker.m in Sources */,
				18706E2F1BB245A200F12441 /* UIButton+LXExtension.m in Sources */,
				181A15171BB2ADD500D2A53D /* LXPlaceholderView.m in Sources */,
				181A15121BB2927400D2A53D /* LXSearchField.m in Sources */,
			);
			runOnlyForDeploymentPostprocessing = 0;
		};
/* End PBXSourcesBuildPhase section */

/* Begin XCBuildConfiguration section */
		18706DDE1BB23AE800F12441 /* Debug */ = {
			isa = XCBuildConfiguration;
			buildSettings = {
				ALWAYS_SEARCH_USER_PATHS = NO;
				CLANG_CXX_LANGUAGE_STANDARD = "gnu++0x";
				CLANG_CXX_LIBRARY = "libc++";
				CLANG_ENABLE_MODULES = YES;
				CLANG_ENABLE_OBJC_ARC = YES;
				CLANG_WARN_BOOL_CONVERSION = YES;
				CLANG_WARN_CONSTANT_CONVERSION = YES;
				CLANG_WARN_DIRECT_OBJC_ISA_USAGE = YES_ERROR;
				CLANG_WARN_EMPTY_BODY = YES;
				CLANG_WARN_ENUM_CONVERSION = YES;
				CLANG_WARN_INT_CONVERSION = YES;
				CLANG_WARN_OBJC_ROOT_CLASS = YES_ERROR;
				CLANG_WARN_UNREACHABLE_CODE = YES;
				CLANG_WARN__DUPLICATE_METHOD_MATCH = YES;
				"CODE_SIGN_IDENTITY[sdk=iphoneos*]" = "iPhone Developer";
				COPY_PHASE_STRIP = NO;
				DEBUG_INFORMATION_FORMAT = dwarf;
				ENABLE_STRICT_OBJC_MSGSEND = YES;
				ENABLE_TESTABILITY = YES;
				GCC_C_LANGUAGE_STANDARD = gnu99;
				GCC_DYNAMIC_NO_PIC = NO;
				GCC_NO_COMMON_BLOCKS = YES;
				GCC_OPTIMIZATION_LEVEL = 0;
				GCC_PREPROCESSOR_DEFINITIONS = (
					"DEBUG=1",
					"$(inherited)",
				);
				GCC_WARN_64_TO_32_BIT_CONVERSION = YES;
				GCC_WARN_ABOUT_RETURN_TYPE = YES_ERROR;
				GCC_WARN_UNDECLARED_SELECTOR = YES;
				GCC_WARN_UNINITIALIZED_AUTOS = YES_AGGRESSIVE;
				GCC_WARN_UNUSED_FUNCTION = YES;
				GCC_WARN_UNUSED_VARIABLE = YES;
				IPHONEOS_DEPLOYMENT_TARGET = 9.0;
				MTL_ENABLE_DEBUG_INFO = YES;
				ONLY_ACTIVE_ARCH = YES;
				SDKROOT = iphoneos;
			};
			name = Debug;
		};
		18706DDF1BB23AE800F12441 /* Release */ = {
			isa = XCBuildConfiguration;
			buildSettings = {
				ALWAYS_SEARCH_USER_PATHS = NO;
				CLANG_CXX_LANGUAGE_STANDARD = "gnu++0x";
				CLANG_CXX_LIBRARY = "libc++";
				CLANG_ENABLE_MODULES = YES;
				CLANG_ENABLE_OBJC_ARC = YES;
				CLANG_WARN_BOOL_CONVERSION = YES;
				CLANG_WARN_CONSTANT_CONVERSION = YES;
				CLANG_WARN_DIRECT_OBJC_ISA_USAGE = YES_ERROR;
				CLANG_WARN_EMPTY_BODY = YES;
				CLANG_WARN_ENUM_CONVERSION = YES;
				CLANG_WARN_INT_CONVERSION = YES;
				CLANG_WARN_OBJC_ROOT_CLASS = YES_ERROR;
				CLANG_WARN_UNREACHABLE_CODE = YES;
				CLANG_WARN__DUPLICATE_METHOD_MATCH = YES;
				"CODE_SIGN_IDENTITY[sdk=iphoneos*]" = "iPhone Developer";
				COPY_PHASE_STRIP = NO;
				DEBUG_INFORMATION_FORMAT = "dwarf-with-dsym";
				ENABLE_NS_ASSERTIONS = NO;
				ENABLE_STRICT_OBJC_MSGSEND = YES;
				GCC_C_LANGUAGE_STANDARD = gnu99;
				GCC_NO_COMMON_BLOCKS = YES;
				GCC_WARN_64_TO_32_BIT_CONVERSION = YES;
				GCC_WARN_ABOUT_RETURN_TYPE = YES_ERROR;
				GCC_WARN_UNDECLARED_SELECTOR = YES;
				GCC_WARN_UNINITIALIZED_AUTOS = YES_AGGRESSIVE;
				GCC_WARN_UNUSED_FUNCTION = YES;
				GCC_WARN_UNUSED_VARIABLE = YES;
				IPHONEOS_DEPLOYMENT_TARGET = 9.0;
				MTL_ENABLE_DEBUG_INFO = NO;
				SDKROOT = iphoneos;
				VALIDATE_PRODUCT = YES;
			};
			name = Release;
		};
		18706DE11BB23AE800F12441 /* Debug */ = {
			isa = XCBuildConfiguration;
			buildSettings = {
				ASSETCATALOG_COMPILER_APPICON_NAME = AppIcon;
				ASSETCATALOG_COMPILER_LAUNCHIMAGE_NAME = LaunchImage;
				INFOPLIST_FILE = "$(SRCROOT)/LXWeibo/Other/Info.plist";
				IPHONEOS_DEPLOYMENT_TARGET = 8.0;
				LD_RUNPATH_SEARCH_PATHS = "$(inherited) @executable_path/Frameworks";
				PRODUCT_BUNDLE_IDENTIFIER = com.cjyh.LXWeibo;
				PRODUCT_NAME = "$(TARGET_NAME)";
				TARGETED_DEVICE_FAMILY = 1;
				WARNING_CFLAGS = (
					"-Wextra",
					"-Wall",
					"-Wno-unused-parameter",
				);
			};
			name = Debug;
		};
		18706DE21BB23AE800F12441 /* Release */ = {
			isa = XCBuildConfiguration;
			buildSettings = {
				ASSETCATALOG_COMPILER_APPICON_NAME = AppIcon;
				ASSETCATALOG_COMPILER_LAUNCHIMAGE_NAME = LaunchImage;
				INFOPLIST_FILE = "$(SRCROOT)/LXWeibo/Other/Info.plist";
				IPHONEOS_DEPLOYMENT_TARGET = 8.0;
				LD_RUNPATH_SEARCH_PATHS = "$(inherited) @executable_path/Frameworks";
				PRODUCT_BUNDLE_IDENTIFIER = com.cjyh.LXWeibo;
				PRODUCT_NAME = "$(TARGET_NAME)";
				TARGETED_DEVICE_FAMILY = 1;
				WARNING_CFLAGS = (
					"-Wextra",
					"-Wall",
					"-Wno-unused-parameter",
				);
			};
			name = Release;
		};
/* End XCBuildConfiguration section */

/* Begin XCConfigurationList section */
		18706DC11BB23AE800F12441 /* Build configuration list for PBXProject "LXWeibo" */ = {
			isa = XCConfigurationList;
			buildConfigurations = (
				18706DDE1BB23AE800F12441 /* Debug */,
				18706DDF1BB23AE800F12441 /* Release */,
			);
			defaultConfigurationIsVisible = 0;
			defaultConfigurationName = Release;
		};
		18706DE01BB23AE800F12441 /* Build configuration list for PBXNativeTarget "LXWeibo" */ = {
			isa = XCConfigurationList;
			buildConfigurations = (
				18706DE11BB23AE800F12441 /* Debug */,
				18706DE21BB23AE800F12441 /* Release */,
			);
			defaultConfigurationIsVisible = 0;
			defaultConfigurationName = Release;
		};
/* End XCConfigurationList section */
	};
	rootObject = 18706DBE1BB23AE800F12441 /* Project object */;
}
